
Microsoft Visual Studio Solution File, Format Version 12.00
# Visual Studio Version 17
VisualStudioVersion = 17.7.34024.191
MinimumVisualStudioVersion = 10.0.40219.1
Project("{9A19103F-16F7-4668-BE54-9A1E7A4F7556}") = "PUBLIC_ACCESS SPECIFIERS 1", "PUBLIC_ACCESS SPECIFIERS 1.csproj", "{76BBC87B-9A22-407D-BF41-5D92E0BED394}"
EndProject
Project("{9A19103F-16F7-4668-BE54-9A1E7A4F7556}") = "PUBLIC_ACCESS SPECIFIERS 2", "..\ACCESS SPECIFIERS 2\PUBLIC_ACCESS SPECIFIERS 2.csproj", "{D05F629C-13DE-4071-A55C-18241AC17A19}"
EndProject
Global
	GlobalSection(SolutionConfigurationPlatforms) = preSolution
		Debug|Any CPU = Debug|Any CPU
		Release|Any CPU = Release|Any CPU
	EndGlobalSection
	GlobalSection(ProjectConfigurationPlatforms) = postSolution
		{76BBC87B-9A22-407D-BF41-5D92E0BED394}.Debug|Any CPU.ActiveCfg = Debug|Any CPU
		{76BBC87B-9A22-407D-BF41-5D92E0BED394}.Debug|Any CPU.Build.0 = Debug|Any CPU
		{76BBC87B-9A22-407D-BF41-5D92E0BED394}.Release|Any CPU.ActiveCfg = Release|Any CPU
		{76BBC87B-9A22-407D-BF41-5D92E0BED394}.Release|Any CPU.Build.0 = Release|Any CPU
		{D05F629C-13DE-4071-A55C-18241AC17A19}.Debug|Any CPU.ActiveCfg = Debug|Any CPU
		{D05F629C-13DE-4071-A55C-18241AC17A19}.Debug|Any CPU.Build.0 = Debug|Any CPU
		{D05F629C-13DE-4071-A55C-18241AC17A19}.Release|Any CPU.ActiveCfg = Release|Any CPU
		{D05F629C-13DE-4071-A55C-18241AC17A19}.Release|Any CPU.Build.0 = Release|Any CPU
	EndGlobalSection
	GlobalSection(SolutionProperties) = preSolution
		HideSolutionNode = FALSE
	EndGlobalSection
	GlobalSection(ExtensibilityGlobals) = postSolution
		SolutionGuid = {2D783D49-A10F-4480-89FC-91177B8DB761}
	EndGlobalSection
EndGlobal
