
Microsoft Visual Studio Solution File, Format Version 12.00
# Visual Studio Version 17
VisualStudioVersion = 17.7.34024.191
MinimumVisualStudioVersion = 10.0.40219.1
Project("{FAE04EC0-301F-11D3-BF4B-00C04F79EFBC}") = "left side  pyramid pattren", "left side  pyramid pattren.csproj", "{97218211-EBA1-4CE1-8D57-713747BB64FD}"
EndProject
Global
	GlobalSection(SolutionConfigurationPlatforms) = preSolution
		Debug|Any CPU = Debug|Any CPU
		Release|Any CPU = Release|Any CPU
	EndGlobalSection
	GlobalSection(ProjectConfigurationPlatforms) = postSolution
		{97218211-EBA1-4CE1-8D57-713747BB64FD}.Debug|Any CPU.ActiveCfg = Debug|Any CPU
		{97218211-EBA1-4CE1-8D57-713747BB64FD}.Debug|Any CPU.Build.0 = Debug|Any CPU
		{97218211-EBA1-4CE1-8D57-713747BB64FD}.Release|Any CPU.ActiveCfg = Release|Any CPU
		{97218211-EBA1-4CE1-8D57-713747BB64FD}.Release|Any CPU.Build.0 = Release|Any CPU
	EndGlobalSection
	GlobalSection(SolutionProperties) = preSolution
		HideSolutionNode = FALSE
	EndGlobalSection
	GlobalSection(ExtensibilityGlobals) = postSolution
		SolutionGuid = {321BA04D-23E7-4EE6-ADF6-FBDFBA22EBC0}
	EndGlobalSection
EndGlobal
