
Microsoft Visual Studio Solution File, Format Version 12.00
# Visual Studio Version 17
VisualStudioVersion = 17.7.34024.191
MinimumVisualStudioVersion = 10.0.40219.1
Project("{FAE04EC0-301F-11D3-BF4B-00C04F79EFBC}") = "BOXING & UNBOXING", "BOXING & UNBOXING.csproj", "{934F728D-0446-44F7-B6BD-952F40535FFC}"
EndProject
Global
	GlobalSection(SolutionConfigurationPlatforms) = preSolution
		Debug|Any CPU = Debug|Any CPU
		Release|Any CPU = Release|Any CPU
	EndGlobalSection
	GlobalSection(ProjectConfigurationPlatforms) = postSolution
		{934F728D-0446-44F7-B6BD-952F40535FFC}.Debug|Any CPU.ActiveCfg = Debug|Any CPU
		{934F728D-0446-44F7-B6BD-952F40535FFC}.Debug|Any CPU.Build.0 = Debug|Any CPU
		{934F728D-0446-44F7-B6BD-952F40535FFC}.Release|Any CPU.ActiveCfg = Release|Any CPU
		{934F728D-0446-44F7-B6BD-952F40535FFC}.Release|Any CPU.Build.0 = Release|Any CPU
	EndGlobalSection
	GlobalSection(SolutionProperties) = preSolution
		HideSolutionNode = FALSE
	EndGlobalSection
	GlobalSection(ExtensibilityGlobals) = postSolution
		SolutionGuid = {E809FDC6-464F-4AD9-BAFB-22456776E56A}
	EndGlobalSection
EndGlobal
