
Microsoft Visual Studio Solution File, Format Version 12.00
# Visual Studio Version 17
VisualStudioVersion = 17.7.34024.191
MinimumVisualStudioVersion = 10.0.40219.1
Project("{FAE04EC0-301F-11D3-BF4B-00C04F79EFBC}") = "FORMATE EXCEPTION", "FORMATE EXCEPTION.csproj", "{8A818F39-28FC-4A86-A573-A450F433F03E}"
EndProject
Global
	GlobalSection(SolutionConfigurationPlatforms) = preSolution
		Debug|Any CPU = Debug|Any CPU
		Release|Any CPU = Release|Any CPU
	EndGlobalSection
	GlobalSection(ProjectConfigurationPlatforms) = postSolution
		{8A818F39-28FC-4A86-A573-A450F433F03E}.Debug|Any CPU.ActiveCfg = Debug|Any CPU
		{8A818F39-28FC-4A86-A573-A450F433F03E}.Debug|Any CPU.Build.0 = Debug|Any CPU
		{8A818F39-28FC-4A86-A573-A450F433F03E}.Release|Any CPU.ActiveCfg = Release|Any CPU
		{8A818F39-28FC-4A86-A573-A450F433F03E}.Release|Any CPU.Build.0 = Release|Any CPU
	EndGlobalSection
	GlobalSection(SolutionProperties) = preSolution
		HideSolutionNode = FALSE
	EndGlobalSection
	GlobalSection(ExtensibilityGlobals) = postSolution
		SolutionGuid = {A57E8CAE-EEA9-4B2B-A2FC-A5F733C3EC2B}
	EndGlobalSection
EndGlobal
