
Microsoft Visual Studio Solution File, Format Version 12.00
# Visual Studio Version 17
VisualStudioVersion = 17.7.34024.191
MinimumVisualStudioVersion = 10.0.40219.1
Project("{FAE04EC0-301F-11D3-BF4B-00C04F79EFBC}") = "Add Two Matrices", "Add Two Matrices.csproj", "{7B75885F-61A9-4604-A546-DE2210976D0F}"
EndProject
Global
	GlobalSection(SolutionConfigurationPlatforms) = preSolution
		Debug|Any CPU = Debug|Any CPU
		Release|Any CPU = Release|Any CPU
	EndGlobalSection
	GlobalSection(ProjectConfigurationPlatforms) = postSolution
		{7B75885F-61A9-4604-A546-DE2210976D0F}.Debug|Any CPU.ActiveCfg = Debug|Any CPU
		{7B75885F-61A9-4604-A546-DE2210976D0F}.Debug|Any CPU.Build.0 = Debug|Any CPU
		{7B75885F-61A9-4604-A546-DE2210976D0F}.Release|Any CPU.ActiveCfg = Release|Any CPU
		{7B75885F-61A9-4604-A546-DE2210976D0F}.Release|Any CPU.Build.0 = Release|Any CPU
	EndGlobalSection
	GlobalSection(SolutionProperties) = preSolution
		HideSolutionNode = FALSE
	EndGlobalSection
	GlobalSection(ExtensibilityGlobals) = postSolution
		SolutionGuid = {E7EFF93B-4CC2-4E47-9A8B-1412480ECBFA}
	EndGlobalSection
EndGlobal
