
Microsoft Visual Studio Solution File, Format Version 12.00
# Visual Studio Version 17
VisualStudioVersion = 17.7.34024.191
MinimumVisualStudioVersion = 10.0.40219.1
Project("{FAE04EC0-301F-11D3-BF4B-00C04F79EFBC}") = "SELECTION_CONSTRACTOR_IF-ELSE", "SELECTION_CONSTRACTOR_IF-ELSE.csproj", "{2E676F1A-5EDE-42EC-8296-36A8CE48F4C3}"
EndProject
Global
	GlobalSection(SolutionConfigurationPlatforms) = preSolution
		Debug|Any CPU = Debug|Any CPU
		Release|Any CPU = Release|Any CPU
	EndGlobalSection
	GlobalSection(ProjectConfigurationPlatforms) = postSolution
		{2E676F1A-5EDE-42EC-8296-36A8CE48F4C3}.Debug|Any CPU.ActiveCfg = Debug|Any CPU
		{2E676F1A-5EDE-42EC-8296-36A8CE48F4C3}.Debug|Any CPU.Build.0 = Debug|Any CPU
		{2E676F1A-5EDE-42EC-8296-36A8CE48F4C3}.Release|Any CPU.ActiveCfg = Release|Any CPU
		{2E676F1A-5EDE-42EC-8296-36A8CE48F4C3}.Release|Any CPU.Build.0 = Release|Any CPU
	EndGlobalSection
	GlobalSection(SolutionProperties) = preSolution
		HideSolutionNode = FALSE
	EndGlobalSection
	GlobalSection(ExtensibilityGlobals) = postSolution
		SolutionGuid = {FD6D4871-712F-4C45-AD57-A1CD9B1C8C44}
	EndGlobalSection
EndGlobal
