
Microsoft Visual Studio Solution File, Format Version 12.00
# Visual Studio Version 17
VisualStudioVersion = 17.7.34024.191
MinimumVisualStudioVersion = 10.0.40219.1
Project("{FAE04EC0-301F-11D3-BF4B-00C04F79EFBC}") = "PRIVATE_ACCESS SPECIFIERS", "PRIVATE_ACCESS SPECIFIERS.csproj", "{5C24A571-CB1B-49CE-8717-585F91E176BA}"
EndProject
Global
	GlobalSection(SolutionConfigurationPlatforms) = preSolution
		Debug|Any CPU = Debug|Any CPU
		Release|Any CPU = Release|Any CPU
	EndGlobalSection
	GlobalSection(ProjectConfigurationPlatforms) = postSolution
		{5C24A571-CB1B-49CE-8717-585F91E176BA}.Debug|Any CPU.ActiveCfg = Debug|Any CPU
		{5C24A571-CB1B-49CE-8717-585F91E176BA}.Debug|Any CPU.Build.0 = Debug|Any CPU
		{5C24A571-CB1B-49CE-8717-585F91E176BA}.Release|Any CPU.ActiveCfg = Release|Any CPU
		{5C24A571-CB1B-49CE-8717-585F91E176BA}.Release|Any CPU.Build.0 = Release|Any CPU
	EndGlobalSection
	GlobalSection(SolutionProperties) = preSolution
		HideSolutionNode = FALSE
	EndGlobalSection
	GlobalSection(ExtensibilityGlobals) = postSolution
		SolutionGuid = {0A6CD99A-061A-44F2-9CD4-85EB74E0B915}
	EndGlobalSection
EndGlobal
