
Microsoft Visual Studio Solution File, Format Version 12.00
# Visual Studio Version 17
VisualStudioVersion = 17.7.34024.191
MinimumVisualStudioVersion = 10.0.40219.1
Project("{FAE04EC0-301F-11D3-BF4B-00C04F79EFBC}") = "the smallest element in the array", "the smallest element in the array.csproj", "{99AB69DA-FCAA-4B3D-981C-EA0A46709CAD}"
EndProject
Global
	GlobalSection(SolutionConfigurationPlatforms) = preSolution
		Debug|Any CPU = Debug|Any CPU
		Release|Any CPU = Release|Any CPU
	EndGlobalSection
	GlobalSection(ProjectConfigurationPlatforms) = postSolution
		{99AB69DA-FCAA-4B3D-981C-EA0A46709CAD}.Debug|Any CPU.ActiveCfg = Debug|Any CPU
		{99AB69DA-FCAA-4B3D-981C-EA0A46709CAD}.Debug|Any CPU.Build.0 = Debug|Any CPU
		{99AB69DA-FCAA-4B3D-981C-EA0A46709CAD}.Release|Any CPU.ActiveCfg = Release|Any CPU
		{99AB69DA-FCAA-4B3D-981C-EA0A46709CAD}.Release|Any CPU.Build.0 = Release|Any CPU
	EndGlobalSection
	GlobalSection(SolutionProperties) = preSolution
		HideSolutionNode = FALSE
	EndGlobalSection
	GlobalSection(ExtensibilityGlobals) = postSolution
		SolutionGuid = {E56F2801-5132-4D21-BEF3-8CBC7280678E}
	EndGlobalSection
EndGlobal
