
Microsoft Visual Studio Solution File, Format Version 12.00
# Visual Studio Version 17
VisualStudioVersion = 17.7.34024.191
MinimumVisualStudioVersion = 10.0.40219.1
Project("{FAE04EC0-301F-11D3-BF4B-00C04F79EFBC}") = "EXCEPTION CLASS", "EXCEPTION CLASS.csproj", "{74E67744-756D-4388-BB59-205D0C0A403A}"
EndProject
Global
	GlobalSection(SolutionConfigurationPlatforms) = preSolution
		Debug|Any CPU = Debug|Any CPU
		Release|Any CPU = Release|Any CPU
	EndGlobalSection
	GlobalSection(ProjectConfigurationPlatforms) = postSolution
		{74E67744-756D-4388-BB59-205D0C0A403A}.Debug|Any CPU.ActiveCfg = Debug|Any CPU
		{74E67744-756D-4388-BB59-205D0C0A403A}.Debug|Any CPU.Build.0 = Debug|Any CPU
		{74E67744-756D-4388-BB59-205D0C0A403A}.Release|Any CPU.ActiveCfg = Release|Any CPU
		{74E67744-756D-4388-BB59-205D0C0A403A}.Release|Any CPU.Build.0 = Release|Any CPU
	EndGlobalSection
	GlobalSection(SolutionProperties) = preSolution
		HideSolutionNode = FALSE
	EndGlobalSection
	GlobalSection(ExtensibilityGlobals) = postSolution
		SolutionGuid = {5995209F-BC3D-40D7-8787-351FFACC0B52}
	EndGlobalSection
EndGlobal
