
Microsoft Visual Studio Solution File, Format Version 12.00
# Visual Studio Version 17
VisualStudioVersion = 17.7.34024.191
MinimumVisualStudioVersion = 10.0.40219.1
Project("{FAE04EC0-301F-11D3-BF4B-00C04F79EFBC}") = "A program to delete a specified integer in an array", "A program to delete a specified integer in an array.csproj", "{8D57B734-2324-4340-AAFE-DE7B07575571}"
EndProject
Global
	GlobalSection(SolutionConfigurationPlatforms) = preSolution
		Debug|Any CPU = Debug|Any CPU
		Release|Any CPU = Release|Any CPU
	EndGlobalSection
	GlobalSection(ProjectConfigurationPlatforms) = postSolution
		{8D57B734-2324-4340-AAFE-DE7B07575571}.Debug|Any CPU.ActiveCfg = Debug|Any CPU
		{8D57B734-2324-4340-AAFE-DE7B07575571}.Debug|Any CPU.Build.0 = Debug|Any CPU
		{8D57B734-2324-4340-AAFE-DE7B07575571}.Release|Any CPU.ActiveCfg = Release|Any CPU
		{8D57B734-2324-4340-AAFE-DE7B07575571}.Release|Any CPU.Build.0 = Release|Any CPU
	EndGlobalSection
	GlobalSection(SolutionProperties) = preSolution
		HideSolutionNode = FALSE
	EndGlobalSection
	GlobalSection(ExtensibilityGlobals) = postSolution
		SolutionGuid = {6B4C9334-1E40-480A-9A00-814655D70A38}
	EndGlobalSection
EndGlobal
