
Microsoft Visual Studio Solution File, Format Version 12.00
# Visual Studio Version 17
VisualStudioVersion = 17.7.34024.191
MinimumVisualStudioVersion = 10.0.40219.1
Project("{FAE04EC0-301F-11D3-BF4B-00C04F79EFBC}") = "Single inheritance", "Single inheritance.csproj", "{208B61AD-990E-4147-AD12-5B64464ED453}"
EndProject
Global
	GlobalSection(SolutionConfigurationPlatforms) = preSolution
		Debug|Any CPU = Debug|Any CPU
		Release|Any CPU = Release|Any CPU
	EndGlobalSection
	GlobalSection(ProjectConfigurationPlatforms) = postSolution
		{208B61AD-990E-4147-AD12-5B64464ED453}.Debug|Any CPU.ActiveCfg = Debug|Any CPU
		{208B61AD-990E-4147-AD12-5B64464ED453}.Debug|Any CPU.Build.0 = Debug|Any CPU
		{208B61AD-990E-4147-AD12-5B64464ED453}.Release|Any CPU.ActiveCfg = Release|Any CPU
		{208B61AD-990E-4147-AD12-5B64464ED453}.Release|Any CPU.Build.0 = Release|Any CPU
	EndGlobalSection
	GlobalSection(SolutionProperties) = preSolution
		HideSolutionNode = FALSE
	EndGlobalSection
	GlobalSection(ExtensibilityGlobals) = postSolution
		SolutionGuid = {E7ED8824-F69E-4D77-B02F-88007037A193}
	EndGlobalSection
EndGlobal
