
Microsoft Visual Studio Solution File, Format Version 12.00
# Visual Studio Version 17
VisualStudioVersion = 17.7.34024.191
MinimumVisualStudioVersion = 10.0.40219.1
Project("{FAE04EC0-301F-11D3-BF4B-00C04F79EFBC}") = "SEALED METHOD", "SEALED METHOD.csproj", "{7DEA0124-955E-4B64-9E82-4D8B2A6D16AD}"
EndProject
Global
	GlobalSection(SolutionConfigurationPlatforms) = preSolution
		Debug|Any CPU = Debug|Any CPU
		Release|Any CPU = Release|Any CPU
	EndGlobalSection
	GlobalSection(ProjectConfigurationPlatforms) = postSolution
		{7DEA0124-955E-4B64-9E82-4D8B2A6D16AD}.Debug|Any CPU.ActiveCfg = Debug|Any CPU
		{7DEA0124-955E-4B64-9E82-4D8B2A6D16AD}.Debug|Any CPU.Build.0 = Debug|Any CPU
		{7DEA0124-955E-4B64-9E82-4D8B2A6D16AD}.Release|Any CPU.ActiveCfg = Release|Any CPU
		{7DEA0124-955E-4B64-9E82-4D8B2A6D16AD}.Release|Any CPU.Build.0 = Release|Any CPU
	EndGlobalSection
	GlobalSection(SolutionProperties) = preSolution
		HideSolutionNode = FALSE
	EndGlobalSection
	GlobalSection(ExtensibilityGlobals) = postSolution
		SolutionGuid = {F7F3D1E7-ABF2-401A-AAE9-45511FAD3AD3}
	EndGlobalSection
EndGlobal
