
Microsoft Visual Studio Solution File, Format Version 12.00
# Visual Studio Version 17
VisualStudioVersion = 17.7.34024.191
MinimumVisualStudioVersion = 10.0.40219.1
Project("{FAE04EC0-301F-11D3-BF4B-00C04F79EFBC}") = "Largest Value in Array", "Largest Value in Array.csproj", "{7866ABA9-A5ED-402C-8C16-9A23DB321811}"
EndProject
Global
	GlobalSection(SolutionConfigurationPlatforms) = preSolution
		Debug|Any CPU = Debug|Any CPU
		Release|Any CPU = Release|Any CPU
	EndGlobalSection
	GlobalSection(ProjectConfigurationPlatforms) = postSolution
		{7866ABA9-A5ED-402C-8C16-9A23DB321811}.Debug|Any CPU.ActiveCfg = Debug|Any CPU
		{7866ABA9-A5ED-402C-8C16-9A23DB321811}.Debug|Any CPU.Build.0 = Debug|Any CPU
		{7866ABA9-A5ED-402C-8C16-9A23DB321811}.Release|Any CPU.ActiveCfg = Release|Any CPU
		{7866ABA9-A5ED-402C-8C16-9A23DB321811}.Release|Any CPU.Build.0 = Release|Any CPU
	EndGlobalSection
	GlobalSection(SolutionProperties) = preSolution
		HideSolutionNode = FALSE
	EndGlobalSection
	GlobalSection(ExtensibilityGlobals) = postSolution
		SolutionGuid = {6FA3D1FC-C82C-4848-B246-108BE6B5DCE7}
	EndGlobalSection
EndGlobal
