
Microsoft Visual Studio Solution File, Format Version 12.00
# Visual Studio Version 17
VisualStudioVersion = 17.7.34024.191
MinimumVisualStudioVersion = 10.0.40219.1
Project("{FAE04EC0-301F-11D3-BF4B-00C04F79EFBC}") = "A program to Print the Average of Numbers in array at an odd position", "A program to Print the Average of Numbers in array at an odd position.csproj", "{3FF1FE32-F965-45C6-94A0-CF4AE5C6A73C}"
EndProject
Global
	GlobalSection(SolutionConfigurationPlatforms) = preSolution
		Debug|Any CPU = Debug|Any CPU
		Release|Any CPU = Release|Any CPU
	EndGlobalSection
	GlobalSection(ProjectConfigurationPlatforms) = postSolution
		{3FF1FE32-F965-45C6-94A0-CF4AE5C6A73C}.Debug|Any CPU.ActiveCfg = Debug|Any CPU
		{3FF1FE32-F965-45C6-94A0-CF4AE5C6A73C}.Debug|Any CPU.Build.0 = Debug|Any CPU
		{3FF1FE32-F965-45C6-94A0-CF4AE5C6A73C}.Release|Any CPU.ActiveCfg = Release|Any CPU
		{3FF1FE32-F965-45C6-94A0-CF4AE5C6A73C}.Release|Any CPU.Build.0 = Release|Any CPU
	EndGlobalSection
	GlobalSection(SolutionProperties) = preSolution
		HideSolutionNode = FALSE
	EndGlobalSection
	GlobalSection(ExtensibilityGlobals) = postSolution
		SolutionGuid = {D64CF831-ECD4-45BC-8B18-960BE5D7B992}
	EndGlobalSection
EndGlobal
