
Microsoft Visual Studio Solution File, Format Version 12.00
# Visual Studio Version 17
VisualStudioVersion = 17.7.34024.191
MinimumVisualStudioVersion = 10.0.40219.1
Project("{FAE04EC0-301F-11D3-BF4B-00C04F79EFBC}") = "Check Prime number", "Check Prime number.csproj", "{EE29FF87-E33D-4ED8-8B2D-449A387EFED5}"
EndProject
Global
	GlobalSection(SolutionConfigurationPlatforms) = preSolution
		Debug|Any CPU = Debug|Any CPU
		Release|Any CPU = Release|Any CPU
	EndGlobalSection
	GlobalSection(ProjectConfigurationPlatforms) = postSolution
		{EE29FF87-E33D-4ED8-8B2D-449A387EFED5}.Debug|Any CPU.ActiveCfg = Debug|Any CPU
		{EE29FF87-E33D-4ED8-8B2D-449A387EFED5}.Debug|Any CPU.Build.0 = Debug|Any CPU
		{EE29FF87-E33D-4ED8-8B2D-449A387EFED5}.Release|Any CPU.ActiveCfg = Release|Any CPU
		{EE29FF87-E33D-4ED8-8B2D-449A387EFED5}.Release|Any CPU.Build.0 = Release|Any CPU
	EndGlobalSection
	GlobalSection(SolutionProperties) = preSolution
		HideSolutionNode = FALSE
	EndGlobalSection
	GlobalSection(ExtensibilityGlobals) = postSolution
		SolutionGuid = {E8D012B1-63F9-4FE1-A72F-163E2C8A3A22}
	EndGlobalSection
EndGlobal
