
Microsoft Visual Studio Solution File, Format Version 12.00
# Visual Studio Version 17
VisualStudioVersion = 17.7.34024.191
MinimumVisualStudioVersion = 10.0.40219.1
Project("{FAE04EC0-301F-11D3-BF4B-00C04F79EFBC}") = "the sum of two integers", "the sum of two integers.csproj", "{254E9870-BEBE-4113-861C-561BA75828AD}"
EndProject
Global
	GlobalSection(SolutionConfigurationPlatforms) = preSolution
		Debug|Any CPU = Debug|Any CPU
		Release|Any CPU = Release|Any CPU
	EndGlobalSection
	GlobalSection(ProjectConfigurationPlatforms) = postSolution
		{254E9870-BEBE-4113-861C-561BA75828AD}.Debug|Any CPU.ActiveCfg = Debug|Any CPU
		{254E9870-BEBE-4113-861C-561BA75828AD}.Debug|Any CPU.Build.0 = Debug|Any CPU
		{254E9870-BEBE-4113-861C-561BA75828AD}.Release|Any CPU.ActiveCfg = Release|Any CPU
		{254E9870-BEBE-4113-861C-561BA75828AD}.Release|Any CPU.Build.0 = Release|Any CPU
	EndGlobalSection
	GlobalSection(SolutionProperties) = preSolution
		HideSolutionNode = FALSE
	EndGlobalSection
	GlobalSection(ExtensibilityGlobals) = postSolution
		SolutionGuid = {E7BDBA70-26F6-453B-90AC-898D20C89E17}
	EndGlobalSection
EndGlobal
