
Microsoft Visual Studio Solution File, Format Version 12.00
# Visual Studio Version 17
VisualStudioVersion = 17.7.34024.191
MinimumVisualStudioVersion = 10.0.40219.1
Project("{FAE04EC0-301F-11D3-BF4B-00C04F79EFBC}") = "MULTIPLE DELEGATES", "MULTIPLE DELEGATES.csproj", "{D995A602-CC4C-49C1-B48D-E6048F273DC0}"
EndProject
Global
	GlobalSection(SolutionConfigurationPlatforms) = preSolution
		Debug|Any CPU = Debug|Any CPU
		Release|Any CPU = Release|Any CPU
	EndGlobalSection
	GlobalSection(ProjectConfigurationPlatforms) = postSolution
		{D995A602-CC4C-49C1-B48D-E6048F273DC0}.Debug|Any CPU.ActiveCfg = Debug|Any CPU
		{D995A602-CC4C-49C1-B48D-E6048F273DC0}.Debug|Any CPU.Build.0 = Debug|Any CPU
		{D995A602-CC4C-49C1-B48D-E6048F273DC0}.Release|Any CPU.ActiveCfg = Release|Any CPU
		{D995A602-CC4C-49C1-B48D-E6048F273DC0}.Release|Any CPU.Build.0 = Release|Any CPU
	EndGlobalSection
	GlobalSection(SolutionProperties) = preSolution
		HideSolutionNode = FALSE
	EndGlobalSection
	GlobalSection(ExtensibilityGlobals) = postSolution
		SolutionGuid = {8549D479-0022-40C7-9DEC-D9B9FD8179F6}
	EndGlobalSection
EndGlobal
