
Microsoft Visual Studio Solution File, Format Version 12.00
# Visual Studio Version 17
VisualStudioVersion = 17.7.34024.191
MinimumVisualStudioVersion = 10.0.40219.1
Project("{FAE04EC0-301F-11D3-BF4B-00C04F79EFBC}") = "descending order in Array", "descending order in Array.csproj", "{3490957F-DF43-49EA-8CDD-19B0C45F6F0C}"
EndProject
Global
	GlobalSection(SolutionConfigurationPlatforms) = preSolution
		Debug|Any CPU = Debug|Any CPU
		Release|Any CPU = Release|Any CPU
	EndGlobalSection
	GlobalSection(ProjectConfigurationPlatforms) = postSolution
		{3490957F-DF43-49EA-8CDD-19B0C45F6F0C}.Debug|Any CPU.ActiveCfg = Debug|Any CPU
		{3490957F-DF43-49EA-8CDD-19B0C45F6F0C}.Debug|Any CPU.Build.0 = Debug|Any CPU
		{3490957F-DF43-49EA-8CDD-19B0C45F6F0C}.Release|Any CPU.ActiveCfg = Release|Any CPU
		{3490957F-DF43-49EA-8CDD-19B0C45F6F0C}.Release|Any CPU.Build.0 = Release|Any CPU
	EndGlobalSection
	GlobalSection(SolutionProperties) = preSolution
		HideSolutionNode = FALSE
	EndGlobalSection
	GlobalSection(ExtensibilityGlobals) = postSolution
		SolutionGuid = {563EECC3-47A2-408C-B023-8F36170F1478}
	EndGlobalSection
EndGlobal
