
Microsoft Visual Studio Solution File, Format Version 12.00
# Visual Studio Version 17
VisualStudioVersion = 17.7.34024.191
MinimumVisualStudioVersion = 10.0.40219.1
Project("{FAE04EC0-301F-11D3-BF4B-00C04F79EFBC}") = "Conditions & Loop ( if , elseif )", "Conditions & Loop ( if , elseif ).csproj", "{3931DAC4-1DD6-4B1F-BBCD-1CDBC8CC5B92}"
EndProject
Global
	GlobalSection(SolutionConfigurationPlatforms) = preSolution
		Debug|Any CPU = Debug|Any CPU
		Release|Any CPU = Release|Any CPU
	EndGlobalSection
	GlobalSection(ProjectConfigurationPlatforms) = postSolution
		{3931DAC4-1DD6-4B1F-BBCD-1CDBC8CC5B92}.Debug|Any CPU.ActiveCfg = Debug|Any CPU
		{3931DAC4-1DD6-4B1F-BBCD-1CDBC8CC5B92}.Debug|Any CPU.Build.0 = Debug|Any CPU
		{3931DAC4-1DD6-4B1F-BBCD-1CDBC8CC5B92}.Release|Any CPU.ActiveCfg = Release|Any CPU
		{3931DAC4-1DD6-4B1F-BBCD-1CDBC8CC5B92}.Release|Any CPU.Build.0 = Release|Any CPU
	EndGlobalSection
	GlobalSection(SolutionProperties) = preSolution
		HideSolutionNode = FALSE
	EndGlobalSection
	GlobalSection(ExtensibilityGlobals) = postSolution
		SolutionGuid = {A47017FD-FEBC-492E-8D1E-1C496A2E6E12}
	EndGlobalSection
EndGlobal
