
Microsoft Visual Studio Solution File, Format Version 12.00
# Visual Studio Version 17
VisualStudioVersion = 17.7.34024.191
MinimumVisualStudioVersion = 10.0.40219.1
Project("{FAE04EC0-301F-11D3-BF4B-00C04F79EFBC}") = "PARTIAL RULE", "PARTIAL RULE.csproj", "{0504A56B-3D72-448D-B457-7B7DBAFE299A}"
EndProject
Global
	GlobalSection(SolutionConfigurationPlatforms) = preSolution
		Debug|Any CPU = Debug|Any CPU
		Release|Any CPU = Release|Any CPU
	EndGlobalSection
	GlobalSection(ProjectConfigurationPlatforms) = postSolution
		{0504A56B-3D72-448D-B457-7B7DBAFE299A}.Debug|Any CPU.ActiveCfg = Debug|Any CPU
		{0504A56B-3D72-448D-B457-7B7DBAFE299A}.Debug|Any CPU.Build.0 = Debug|Any CPU
		{0504A56B-3D72-448D-B457-7B7DBAFE299A}.Release|Any CPU.ActiveCfg = Release|Any CPU
		{0504A56B-3D72-448D-B457-7B7DBAFE299A}.Release|Any CPU.Build.0 = Release|Any CPU
	EndGlobalSection
	GlobalSection(SolutionProperties) = preSolution
		HideSolutionNode = FALSE
	EndGlobalSection
	GlobalSection(ExtensibilityGlobals) = postSolution
		SolutionGuid = {777A3F3D-736B-456E-859C-F4FA18660CF2}
	EndGlobalSection
EndGlobal
