
Microsoft Visual Studio Solution File, Format Version 12.00
# Visual Studio Version 17
VisualStudioVersion = 17.7.34024.191
MinimumVisualStudioVersion = 10.0.40219.1
Project("{FAE04EC0-301F-11D3-BF4B-00C04F79EFBC}") = "STATIC AND INSTANCE MEMBERS OF CLASS", "STATIC AND INSTANCE MEMBERS OF CLASS.csproj", "{2FA81CA1-969F-4BDA-B6C1-FB7979673F50}"
EndProject
Global
	GlobalSection(SolutionConfigurationPlatforms) = preSolution
		Debug|Any CPU = Debug|Any CPU
		Release|Any CPU = Release|Any CPU
	EndGlobalSection
	GlobalSection(ProjectConfigurationPlatforms) = postSolution
		{2FA81CA1-969F-4BDA-B6C1-FB7979673F50}.Debug|Any CPU.ActiveCfg = Debug|Any CPU
		{2FA81CA1-969F-4BDA-B6C1-FB7979673F50}.Debug|Any CPU.Build.0 = Debug|Any CPU
		{2FA81CA1-969F-4BDA-B6C1-FB7979673F50}.Release|Any CPU.ActiveCfg = Release|Any CPU
		{2FA81CA1-969F-4BDA-B6C1-FB7979673F50}.Release|Any CPU.Build.0 = Release|Any CPU
	EndGlobalSection
	GlobalSection(SolutionProperties) = preSolution
		HideSolutionNode = FALSE
	EndGlobalSection
	GlobalSection(ExtensibilityGlobals) = postSolution
		SolutionGuid = {EB3D58BE-DC7E-4504-A117-55F80220E183}
	EndGlobalSection
EndGlobal
