
Microsoft Visual Studio Solution File, Format Version 12.00
# Visual Studio Version 17
VisualStudioVersion = 17.7.34024.191
MinimumVisualStudioVersion = 10.0.40219.1
Project("{FAE04EC0-301F-11D3-BF4B-00C04F79EFBC}") = "Display them in reverse order in Array", "Display them in reverse order in Array.csproj", "{D50AEAA6-F890-4C05-A8E8-8D9007881C64}"
EndProject
Global
	GlobalSection(SolutionConfigurationPlatforms) = preSolution
		Debug|Any CPU = Debug|Any CPU
		Release|Any CPU = Release|Any CPU
	EndGlobalSection
	GlobalSection(ProjectConfigurationPlatforms) = postSolution
		{D50AEAA6-F890-4C05-A8E8-8D9007881C64}.Debug|Any CPU.ActiveCfg = Debug|Any CPU
		{D50AEAA6-F890-4C05-A8E8-8D9007881C64}.Debug|Any CPU.Build.0 = Debug|Any CPU
		{D50AEAA6-F890-4C05-A8E8-8D9007881C64}.Release|Any CPU.ActiveCfg = Release|Any CPU
		{D50AEAA6-F890-4C05-A8E8-8D9007881C64}.Release|Any CPU.Build.0 = Release|Any CPU
	EndGlobalSection
	GlobalSection(SolutionProperties) = preSolution
		HideSolutionNode = FALSE
	EndGlobalSection
	GlobalSection(ExtensibilityGlobals) = postSolution
		SolutionGuid = {D2F2AAEA-2573-4B4D-A7AF-5A4EAFE4D853}
	EndGlobalSection
EndGlobal
