
Microsoft Visual Studio Solution File, Format Version 12.00
# Visual Studio Version 17
VisualStudioVersion = 17.7.34024.191
MinimumVisualStudioVersion = 10.0.40219.1
Project("{FAE04EC0-301F-11D3-BF4B-00C04F79EFBC}") = "ANONYMOUS FUNCTION - ANONYMOUS METHOD", "ANONYMOUS FUNCTION - ANONYMOUS METHOD.csproj", "{041BD1EC-AE1A-4BC0-8C47-D692126EE636}"
EndProject
Global
	GlobalSection(SolutionConfigurationPlatforms) = preSolution
		Debug|Any CPU = Debug|Any CPU
		Release|Any CPU = Release|Any CPU
	EndGlobalSection
	GlobalSection(ProjectConfigurationPlatforms) = postSolution
		{041BD1EC-AE1A-4BC0-8C47-D692126EE636}.Debug|Any CPU.ActiveCfg = Debug|Any CPU
		{041BD1EC-AE1A-4BC0-8C47-D692126EE636}.Debug|Any CPU.Build.0 = Debug|Any CPU
		{041BD1EC-AE1A-4BC0-8C47-D692126EE636}.Release|Any CPU.ActiveCfg = Release|Any CPU
		{041BD1EC-AE1A-4BC0-8C47-D692126EE636}.Release|Any CPU.Build.0 = Release|Any CPU
	EndGlobalSection
	GlobalSection(SolutionProperties) = preSolution
		HideSolutionNode = FALSE
	EndGlobalSection
	GlobalSection(ExtensibilityGlobals) = postSolution
		SolutionGuid = {220883BA-38C9-43BE-A744-8EB5C978CB78}
	EndGlobalSection
EndGlobal
