
Microsoft Visual Studio Solution File, Format Version 12.00
# Visual Studio Version 17
VisualStudioVersion = 17.7.34024.191
MinimumVisualStudioVersion = 10.0.40219.1
Project("{FAE04EC0-301F-11D3-BF4B-00C04F79EFBC}") = "MULTIPLE INHERITANCE", "MULTIPLE INHERITANCE.csproj", "{23E4DF27-1D74-44B2-913B-FC7F18964B44}"
EndProject
Global
	GlobalSection(SolutionConfigurationPlatforms) = preSolution
		Debug|Any CPU = Debug|Any CPU
		Release|Any CPU = Release|Any CPU
	EndGlobalSection
	GlobalSection(ProjectConfigurationPlatforms) = postSolution
		{23E4DF27-1D74-44B2-913B-FC7F18964B44}.Debug|Any CPU.ActiveCfg = Debug|Any CPU
		{23E4DF27-1D74-44B2-913B-FC7F18964B44}.Debug|Any CPU.Build.0 = Debug|Any CPU
		{23E4DF27-1D74-44B2-913B-FC7F18964B44}.Release|Any CPU.ActiveCfg = Release|Any CPU
		{23E4DF27-1D74-44B2-913B-FC7F18964B44}.Release|Any CPU.Build.0 = Release|Any CPU
	EndGlobalSection
	GlobalSection(SolutionProperties) = preSolution
		HideSolutionNode = FALSE
	EndGlobalSection
	GlobalSection(ExtensibilityGlobals) = postSolution
		SolutionGuid = {13C7C973-1EFD-49D9-92A8-256942AF16C4}
	EndGlobalSection
EndGlobal
