
Microsoft Visual Studio Solution File, Format Version 12.00
# Visual Studio Version 17
VisualStudioVersion = 17.7.34024.191
MinimumVisualStudioVersion = 10.0.40219.1
Project("{FAE04EC0-301F-11D3-BF4B-00C04F79EFBC}") = "Constructor Inheritance", "Constructor Inheritance.csproj", "{754AD8A2-614C-4F09-A181-2489D15D91B4}"
EndProject
Global
	GlobalSection(SolutionConfigurationPlatforms) = preSolution
		Debug|Any CPU = Debug|Any CPU
		Release|Any CPU = Release|Any CPU
	EndGlobalSection
	GlobalSection(ProjectConfigurationPlatforms) = postSolution
		{754AD8A2-614C-4F09-A181-2489D15D91B4}.Debug|Any CPU.ActiveCfg = Debug|Any CPU
		{754AD8A2-614C-4F09-A181-2489D15D91B4}.Debug|Any CPU.Build.0 = Debug|Any CPU
		{754AD8A2-614C-4F09-A181-2489D15D91B4}.Release|Any CPU.ActiveCfg = Release|Any CPU
		{754AD8A2-614C-4F09-A181-2489D15D91B4}.Release|Any CPU.Build.0 = Release|Any CPU
	EndGlobalSection
	GlobalSection(SolutionProperties) = preSolution
		HideSolutionNode = FALSE
	EndGlobalSection
	GlobalSection(ExtensibilityGlobals) = postSolution
		SolutionGuid = {794D4D77-E0B8-4330-915D-9DDC439AF8AC}
	EndGlobalSection
EndGlobal
