
Microsoft Visual Studio Solution File, Format Version 12.00
# Visual Studio Version 17
VisualStudioVersion = 17.7.34024.191
MinimumVisualStudioVersion = 10.0.40219.1
Project("{FAE04EC0-301F-11D3-BF4B-00C04F79EFBC}") = "ARRAY__(a program to sort the given array)", "ARRAY__(a program to sort the given array).csproj", "{29C57BFB-C09B-499D-B584-7ED3E9499070}"
EndProject
Global
	GlobalSection(SolutionConfigurationPlatforms) = preSolution
		Debug|Any CPU = Debug|Any CPU
		Release|Any CPU = Release|Any CPU
	EndGlobalSection
	GlobalSection(ProjectConfigurationPlatforms) = postSolution
		{29C57BFB-C09B-499D-B584-7ED3E9499070}.Debug|Any CPU.ActiveCfg = Debug|Any CPU
		{29C57BFB-C09B-499D-B584-7ED3E9499070}.Debug|Any CPU.Build.0 = Debug|Any CPU
		{29C57BFB-C09B-499D-B584-7ED3E9499070}.Release|Any CPU.ActiveCfg = Release|Any CPU
		{29C57BFB-C09B-499D-B584-7ED3E9499070}.Release|Any CPU.Build.0 = Release|Any CPU
	EndGlobalSection
	GlobalSection(SolutionProperties) = preSolution
		HideSolutionNode = FALSE
	EndGlobalSection
	GlobalSection(ExtensibilityGlobals) = postSolution
		SolutionGuid = {7328B0AF-1508-4092-B416-6A91BBD3282E}
	EndGlobalSection
EndGlobal
