
Microsoft Visual Studio Solution File, Format Version 12.00
# Visual Studio Version 17
VisualStudioVersion = 17.7.34024.191
MinimumVisualStudioVersion = 10.0.40219.1
Project("{FAE04EC0-301F-11D3-BF4B-00C04F79EFBC}") = "a program to find the sum of negative and positive integers", "a program to find the sum of negative and positive integers.csproj", "{B1AF3BA2-3B0C-4F33-A9E5-51010E4110AA}"
EndProject
Global
	GlobalSection(SolutionConfigurationPlatforms) = preSolution
		Debug|Any CPU = Debug|Any CPU
		Release|Any CPU = Release|Any CPU
	EndGlobalSection
	GlobalSection(ProjectConfigurationPlatforms) = postSolution
		{B1AF3BA2-3B0C-4F33-A9E5-51010E4110AA}.Debug|Any CPU.ActiveCfg = Debug|Any CPU
		{B1AF3BA2-3B0C-4F33-A9E5-51010E4110AA}.Debug|Any CPU.Build.0 = Debug|Any CPU
		{B1AF3BA2-3B0C-4F33-A9E5-51010E4110AA}.Release|Any CPU.ActiveCfg = Release|Any CPU
		{B1AF3BA2-3B0C-4F33-A9E5-51010E4110AA}.Release|Any CPU.Build.0 = Release|Any CPU
	EndGlobalSection
	GlobalSection(SolutionProperties) = preSolution
		HideSolutionNode = FALSE
	EndGlobalSection
	GlobalSection(ExtensibilityGlobals) = postSolution
		SolutionGuid = {4323D857-865B-4EBA-89DB-E515844C5466}
	EndGlobalSection
EndGlobal
