
Microsoft Visual Studio Solution File, Format Version 12.00
# Visual Studio Version 17
VisualStudioVersion = 17.7.34024.191
MinimumVisualStudioVersion = 10.0.40219.1
Project("{FAE04EC0-301F-11D3-BF4B-00C04F79EFBC}") = "Guid", "Guid.csproj", "{DA2C1683-94A4-4C5C-8141-BAC639316B5A}"
EndProject
Global
	GlobalSection(SolutionConfigurationPlatforms) = preSolution
		Debug|Any CPU = Debug|Any CPU
		Release|Any CPU = Release|Any CPU
	EndGlobalSection
	GlobalSection(ProjectConfigurationPlatforms) = postSolution
		{DA2C1683-94A4-4C5C-8141-BAC639316B5A}.Debug|Any CPU.ActiveCfg = Debug|Any CPU
		{DA2C1683-94A4-4C5C-8141-BAC639316B5A}.Debug|Any CPU.Build.0 = Debug|Any CPU
		{DA2C1683-94A4-4C5C-8141-BAC639316B5A}.Release|Any CPU.ActiveCfg = Release|Any CPU
		{DA2C1683-94A4-4C5C-8141-BAC639316B5A}.Release|Any CPU.Build.0 = Release|Any CPU
	EndGlobalSection
	GlobalSection(SolutionProperties) = preSolution
		HideSolutionNode = FALSE
	EndGlobalSection
	GlobalSection(ExtensibilityGlobals) = postSolution
		SolutionGuid = {6643EDEA-9C90-4F72-9FD7-6B8C227E8502}
	EndGlobalSection
EndGlobal
