
Microsoft Visual Studio Solution File, Format Version 12.00
# Visual Studio Version 17
VisualStudioVersion = 17.7.34024.191
MinimumVisualStudioVersion = 10.0.40219.1
Project("{FAE04EC0-301F-11D3-BF4B-00C04F79EFBC}") = "A program to find the smallest element in the array", "A program to find the smallest element in the array.csproj", "{EDE80ED0-8FFF-486F-A954-4A07CE26626C}"
EndProject
Global
	GlobalSection(SolutionConfigurationPlatforms) = preSolution
		Debug|Any CPU = Debug|Any CPU
		Release|Any CPU = Release|Any CPU
	EndGlobalSection
	GlobalSection(ProjectConfigurationPlatforms) = postSolution
		{EDE80ED0-8FFF-486F-A954-4A07CE26626C}.Debug|Any CPU.ActiveCfg = Debug|Any CPU
		{EDE80ED0-8FFF-486F-A954-4A07CE26626C}.Debug|Any CPU.Build.0 = Debug|Any CPU
		{EDE80ED0-8FFF-486F-A954-4A07CE26626C}.Release|Any CPU.ActiveCfg = Release|Any CPU
		{EDE80ED0-8FFF-486F-A954-4A07CE26626C}.Release|Any CPU.Build.0 = Release|Any CPU
	EndGlobalSection
	GlobalSection(SolutionProperties) = preSolution
		HideSolutionNode = FALSE
	EndGlobalSection
	GlobalSection(ExtensibilityGlobals) = postSolution
		SolutionGuid = {8B5F156C-D112-4B98-917D-D23B7D619F29}
	EndGlobalSection
EndGlobal
