
Microsoft Visual Studio Solution File, Format Version 12.00
# Visual Studio Version 17
VisualStudioVersion = 17.7.34024.191
MinimumVisualStudioVersion = 10.0.40219.1
Project("{FAE04EC0-301F-11D3-BF4B-00C04F79EFBC}") = "Operators", "Operators.csproj", "{A60E0A8F-F137-4831-BCA7-A0A3A956B426}"
EndProject
Global
	GlobalSection(SolutionConfigurationPlatforms) = preSolution
		Debug|Any CPU = Debug|Any CPU
		Release|Any CPU = Release|Any CPU
	EndGlobalSection
	GlobalSection(ProjectConfigurationPlatforms) = postSolution
		{A60E0A8F-F137-4831-BCA7-A0A3A956B426}.Debug|Any CPU.ActiveCfg = Debug|Any CPU
		{A60E0A8F-F137-4831-BCA7-A0A3A956B426}.Debug|Any CPU.Build.0 = Debug|Any CPU
		{A60E0A8F-F137-4831-BCA7-A0A3A956B426}.Release|Any CPU.ActiveCfg = Release|Any CPU
		{A60E0A8F-F137-4831-BCA7-A0A3A956B426}.Release|Any CPU.Build.0 = Release|Any CPU
	EndGlobalSection
	GlobalSection(SolutionProperties) = preSolution
		HideSolutionNode = FALSE
	EndGlobalSection
	GlobalSection(ExtensibilityGlobals) = postSolution
		SolutionGuid = {57F9B373-B0F6-4186-827B-E14DFDB22178}
	EndGlobalSection
EndGlobal
