
Microsoft Visual Studio Solution File, Format Version 12.00
# Visual Studio Version 17
VisualStudioVersion = 17.7.34024.191
MinimumVisualStudioVersion = 10.0.40219.1
Project("{FAE04EC0-301F-11D3-BF4B-00C04F79EFBC}") = "SEL_CON  NESTED IF", "SEL_CON  NESTED IF.csproj", "{BFABF12E-FE3E-49AB-9BBA-BAB4F7B95CB0}"
EndProject
Global
	GlobalSection(SolutionConfigurationPlatforms) = preSolution
		Debug|Any CPU = Debug|Any CPU
		Release|Any CPU = Release|Any CPU
	EndGlobalSection
	GlobalSection(ProjectConfigurationPlatforms) = postSolution
		{BFABF12E-FE3E-49AB-9BBA-BAB4F7B95CB0}.Debug|Any CPU.ActiveCfg = Debug|Any CPU
		{BFABF12E-FE3E-49AB-9BBA-BAB4F7B95CB0}.Debug|Any CPU.Build.0 = Debug|Any CPU
		{BFABF12E-FE3E-49AB-9BBA-BAB4F7B95CB0}.Release|Any CPU.ActiveCfg = Release|Any CPU
		{BFABF12E-FE3E-49AB-9BBA-BAB4F7B95CB0}.Release|Any CPU.Build.0 = Release|Any CPU
	EndGlobalSection
	GlobalSection(SolutionProperties) = preSolution
		HideSolutionNode = FALSE
	EndGlobalSection
	GlobalSection(ExtensibilityGlobals) = postSolution
		SolutionGuid = {319E9856-62C3-4DF6-A8BB-F417BF749EF5}
	EndGlobalSection
EndGlobal
