
Microsoft Visual Studio Solution File, Format Version 12.00
# Visual Studio Version 17
VisualStudioVersion = 17.7.34024.191
MinimumVisualStudioVersion = 10.0.40219.1
Project("{FAE04EC0-301F-11D3-BF4B-00C04F79EFBC}") = "Sum Of Diagonal Element Of Matrix", "Sum Of Diagonal Element Of Matrix.csproj", "{FA5FA036-DFEB-4E67-8776-EE4406A691CA}"
EndProject
Global
	GlobalSection(SolutionConfigurationPlatforms) = preSolution
		Debug|Any CPU = Debug|Any CPU
		Release|Any CPU = Release|Any CPU
	EndGlobalSection
	GlobalSection(ProjectConfigurationPlatforms) = postSolution
		{FA5FA036-DFEB-4E67-8776-EE4406A691CA}.Debug|Any CPU.ActiveCfg = Debug|Any CPU
		{FA5FA036-DFEB-4E67-8776-EE4406A691CA}.Debug|Any CPU.Build.0 = Debug|Any CPU
		{FA5FA036-DFEB-4E67-8776-EE4406A691CA}.Release|Any CPU.ActiveCfg = Release|Any CPU
		{FA5FA036-DFEB-4E67-8776-EE4406A691CA}.Release|Any CPU.Build.0 = Release|Any CPU
	EndGlobalSection
	GlobalSection(SolutionProperties) = preSolution
		HideSolutionNode = FALSE
	EndGlobalSection
	GlobalSection(ExtensibilityGlobals) = postSolution
		SolutionGuid = {BE8C2A6D-3A21-4F11-B0A0-F083F45C0733}
	EndGlobalSection
EndGlobal
