
Microsoft Visual Studio Solution File, Format Version 12.00
# Visual Studio Version 17
VisualStudioVersion = 17.7.34024.191
MinimumVisualStudioVersion = 10.0.40219.1
Project("{FAE04EC0-301F-11D3-BF4B-00C04F79EFBC}") = "Area_of_squre", "Area_of_squre.csproj", "{C2EB5010-9250-4633-8291-7BE496E9552C}"
EndProject
Global
	GlobalSection(SolutionConfigurationPlatforms) = preSolution
		Debug|Any CPU = Debug|Any CPU
		Release|Any CPU = Release|Any CPU
	EndGlobalSection
	GlobalSection(ProjectConfigurationPlatforms) = postSolution
		{C2EB5010-9250-4633-8291-7BE496E9552C}.Debug|Any CPU.ActiveCfg = Debug|Any CPU
		{C2EB5010-9250-4633-8291-7BE496E9552C}.Debug|Any CPU.Build.0 = Debug|Any CPU
		{C2EB5010-9250-4633-8291-7BE496E9552C}.Release|Any CPU.ActiveCfg = Release|Any CPU
		{C2EB5010-9250-4633-8291-7BE496E9552C}.Release|Any CPU.Build.0 = Release|Any CPU
	EndGlobalSection
	GlobalSection(SolutionProperties) = preSolution
		HideSolutionNode = FALSE
	EndGlobalSection
	GlobalSection(ExtensibilityGlobals) = postSolution
		SolutionGuid = {89ADC10C-4FE9-43DF-A25F-662387271422}
	EndGlobalSection
EndGlobal
