
Microsoft Visual Studio Solution File, Format Version 12.00
# Visual Studio Version 17
VisualStudioVersion = 17.7.34024.191
MinimumVisualStudioVersion = 10.0.40219.1
Project("{FAE04EC0-301F-11D3-BF4B-00C04F79EFBC}") = "HASH-TABLE COLLECTION", "HASH-TABLE COLLECTION.csproj", "{2F7C647F-8F7D-4F6A-A8FD-75D16632C3E2}"
EndProject
Global
	GlobalSection(SolutionConfigurationPlatforms) = preSolution
		Debug|Any CPU = Debug|Any CPU
		Release|Any CPU = Release|Any CPU
	EndGlobalSection
	GlobalSection(ProjectConfigurationPlatforms) = postSolution
		{2F7C647F-8F7D-4F6A-A8FD-75D16632C3E2}.Debug|Any CPU.ActiveCfg = Debug|Any CPU
		{2F7C647F-8F7D-4F6A-A8FD-75D16632C3E2}.Debug|Any CPU.Build.0 = Debug|Any CPU
		{2F7C647F-8F7D-4F6A-A8FD-75D16632C3E2}.Release|Any CPU.ActiveCfg = Release|Any CPU
		{2F7C647F-8F7D-4F6A-A8FD-75D16632C3E2}.Release|Any CPU.Build.0 = Release|Any CPU
	EndGlobalSection
	GlobalSection(SolutionProperties) = preSolution
		HideSolutionNode = FALSE
	EndGlobalSection
	GlobalSection(ExtensibilityGlobals) = postSolution
		SolutionGuid = {22B302C8-F244-4DCB-B17B-AFC72E4E6E4E}
	EndGlobalSection
EndGlobal
