
Microsoft Visual Studio Solution File, Format Version 12.00
# Visual Studio Version 17
VisualStudioVersion = 17.7.34024.191
MinimumVisualStudioVersion = 10.0.40219.1
Project("{FAE04EC0-301F-11D3-BF4B-00C04F79EFBC}") = "ARRAY__(the occurrence of an integer in the array)", "ARRAY__(the occurrence of an integer in the array).csproj", "{4198B890-ABA9-4BE2-B78B-5F07E1E65AF3}"
EndProject
Global
	GlobalSection(SolutionConfigurationPlatforms) = preSolution
		Debug|Any CPU = Debug|Any CPU
		Release|Any CPU = Release|Any CPU
	EndGlobalSection
	GlobalSection(ProjectConfigurationPlatforms) = postSolution
		{4198B890-ABA9-4BE2-B78B-5F07E1E65AF3}.Debug|Any CPU.ActiveCfg = Debug|Any CPU
		{4198B890-ABA9-4BE2-B78B-5F07E1E65AF3}.Debug|Any CPU.Build.0 = Debug|Any CPU
		{4198B890-ABA9-4BE2-B78B-5F07E1E65AF3}.Release|Any CPU.ActiveCfg = Release|Any CPU
		{4198B890-ABA9-4BE2-B78B-5F07E1E65AF3}.Release|Any CPU.Build.0 = Release|Any CPU
	EndGlobalSection
	GlobalSection(SolutionProperties) = preSolution
		HideSolutionNode = FALSE
	EndGlobalSection
	GlobalSection(ExtensibilityGlobals) = postSolution
		SolutionGuid = {7B59FF38-639E-41C8-BFD4-06E084FFE479}
	EndGlobalSection
EndGlobal
