
Microsoft Visual Studio Solution File, Format Version 12.00
# Visual Studio Version 17
VisualStudioVersion = 17.7.34024.191
MinimumVisualStudioVersion = 10.0.40219.1
Project("{FAE04EC0-301F-11D3-BF4B-00C04F79EFBC}") = "Perimeter of circle", "Perimeter of circle.csproj", "{CDBE003D-0787-416C-9982-85155F7C39CF}"
EndProject
Global
	GlobalSection(SolutionConfigurationPlatforms) = preSolution
		Debug|Any CPU = Debug|Any CPU
		Release|Any CPU = Release|Any CPU
	EndGlobalSection
	GlobalSection(ProjectConfigurationPlatforms) = postSolution
		{CDBE003D-0787-416C-9982-85155F7C39CF}.Debug|Any CPU.ActiveCfg = Debug|Any CPU
		{CDBE003D-0787-416C-9982-85155F7C39CF}.Debug|Any CPU.Build.0 = Debug|Any CPU
		{CDBE003D-0787-416C-9982-85155F7C39CF}.Release|Any CPU.ActiveCfg = Release|Any CPU
		{CDBE003D-0787-416C-9982-85155F7C39CF}.Release|Any CPU.Build.0 = Release|Any CPU
	EndGlobalSection
	GlobalSection(SolutionProperties) = preSolution
		HideSolutionNode = FALSE
	EndGlobalSection
	GlobalSection(ExtensibilityGlobals) = postSolution
		SolutionGuid = {653134EC-E755-481C-A02F-5E14F5B921ED}
	EndGlobalSection
EndGlobal
