
Microsoft Visual Studio Solution File, Format Version 12.00
# Visual Studio Version 17
VisualStudioVersion = 17.7.34024.191
MinimumVisualStudioVersion = 10.0.40219.1
Project("{FAE04EC0-301F-11D3-BF4B-00C04F79EFBC}") = "Find he length of Array", "Find he length of Array.csproj", "{DDA518DA-D7C5-4F90-838F-AB7C66FB60EA}"
EndProject
Global
	GlobalSection(SolutionConfigurationPlatforms) = preSolution
		Debug|Any CPU = Debug|Any CPU
		Release|Any CPU = Release|Any CPU
	EndGlobalSection
	GlobalSection(ProjectConfigurationPlatforms) = postSolution
		{DDA518DA-D7C5-4F90-838F-AB7C66FB60EA}.Debug|Any CPU.ActiveCfg = Debug|Any CPU
		{DDA518DA-D7C5-4F90-838F-AB7C66FB60EA}.Debug|Any CPU.Build.0 = Debug|Any CPU
		{DDA518DA-D7C5-4F90-838F-AB7C66FB60EA}.Release|Any CPU.ActiveCfg = Release|Any CPU
		{DDA518DA-D7C5-4F90-838F-AB7C66FB60EA}.Release|Any CPU.Build.0 = Release|Any CPU
	EndGlobalSection
	GlobalSection(SolutionProperties) = preSolution
		HideSolutionNode = FALSE
	EndGlobalSection
	GlobalSection(ExtensibilityGlobals) = postSolution
		SolutionGuid = {6492E7EE-9E05-4254-8A91-E9B874F79066}
	EndGlobalSection
EndGlobal
