
Microsoft Visual Studio Solution File, Format Version 12.00
# Visual Studio Version 17
VisualStudioVersion = 17.7.34024.191
MinimumVisualStudioVersion = 10.0.40219.1
Project("{FAE04EC0-301F-11D3-BF4B-00C04F79EFBC}") = "The Smallest Element in a Matrix", "The Smallest Element in a Matrix.csproj", "{ABCB9CC2-8213-40FC-88EF-FE0630944CEE}"
EndProject
Global
	GlobalSection(SolutionConfigurationPlatforms) = preSolution
		Debug|Any CPU = Debug|Any CPU
		Release|Any CPU = Release|Any CPU
	EndGlobalSection
	GlobalSection(ProjectConfigurationPlatforms) = postSolution
		{ABCB9CC2-8213-40FC-88EF-FE0630944CEE}.Debug|Any CPU.ActiveCfg = Debug|Any CPU
		{ABCB9CC2-8213-40FC-88EF-FE0630944CEE}.Debug|Any CPU.Build.0 = Debug|Any CPU
		{ABCB9CC2-8213-40FC-88EF-FE0630944CEE}.Release|Any CPU.ActiveCfg = Release|Any CPU
		{ABCB9CC2-8213-40FC-88EF-FE0630944CEE}.Release|Any CPU.Build.0 = Release|Any CPU
	EndGlobalSection
	GlobalSection(SolutionProperties) = preSolution
		HideSolutionNode = FALSE
	EndGlobalSection
	GlobalSection(ExtensibilityGlobals) = postSolution
		SolutionGuid = {603A713D-A56E-4508-9C73-107D85D4228A}
	EndGlobalSection
EndGlobal
