
Microsoft Visual Studio Solution File, Format Version 12.00
# Visual Studio Version 17
VisualStudioVersion = 17.7.34024.191
MinimumVisualStudioVersion = 10.0.40219.1
Project("{FAE04EC0-301F-11D3-BF4B-00C04F79EFBC}") = "Smallest number in Array", "Smallest number in Array.csproj", "{884D00B3-6AE5-4A61-B375-F89F62FC6693}"
EndProject
Global
	GlobalSection(SolutionConfigurationPlatforms) = preSolution
		Debug|Any CPU = Debug|Any CPU
		Release|Any CPU = Release|Any CPU
	EndGlobalSection
	GlobalSection(ProjectConfigurationPlatforms) = postSolution
		{884D00B3-6AE5-4A61-B375-F89F62FC6693}.Debug|Any CPU.ActiveCfg = Debug|Any CPU
		{884D00B3-6AE5-4A61-B375-F89F62FC6693}.Debug|Any CPU.Build.0 = Debug|Any CPU
		{884D00B3-6AE5-4A61-B375-F89F62FC6693}.Release|Any CPU.ActiveCfg = Release|Any CPU
		{884D00B3-6AE5-4A61-B375-F89F62FC6693}.Release|Any CPU.Build.0 = Release|Any CPU
	EndGlobalSection
	GlobalSection(SolutionProperties) = preSolution
		HideSolutionNode = FALSE
	EndGlobalSection
	GlobalSection(ExtensibilityGlobals) = postSolution
		SolutionGuid = {333F221D-1DDF-4198-ABEC-841BFE7E9B9A}
	EndGlobalSection
EndGlobal
