
Microsoft Visual Studio Solution File, Format Version 12.00
# Visual Studio Version 17
VisualStudioVersion = 17.7.34024.191
MinimumVisualStudioVersion = 10.0.40219.1
Project("{FAE04EC0-301F-11D3-BF4B-00C04F79EFBC}") = "A program to find the largest element in the array", "A program to find the largest element in the array.csproj", "{136849EC-1FE4-4C28-B986-EB27E17732F4}"
EndProject
Global
	GlobalSection(SolutionConfigurationPlatforms) = preSolution
		Debug|Any CPU = Debug|Any CPU
		Release|Any CPU = Release|Any CPU
	EndGlobalSection
	GlobalSection(ProjectConfigurationPlatforms) = postSolution
		{136849EC-1FE4-4C28-B986-EB27E17732F4}.Debug|Any CPU.ActiveCfg = Debug|Any CPU
		{136849EC-1FE4-4C28-B986-EB27E17732F4}.Debug|Any CPU.Build.0 = Debug|Any CPU
		{136849EC-1FE4-4C28-B986-EB27E17732F4}.Release|Any CPU.ActiveCfg = Release|Any CPU
		{136849EC-1FE4-4C28-B986-EB27E17732F4}.Release|Any CPU.Build.0 = Release|Any CPU
	EndGlobalSection
	GlobalSection(SolutionProperties) = preSolution
		HideSolutionNode = FALSE
	EndGlobalSection
	GlobalSection(ExtensibilityGlobals) = postSolution
		SolutionGuid = {4C6DDB61-F883-4D7A-A64D-F60C9F7BAF72}
	EndGlobalSection
EndGlobal
