
Microsoft Visual Studio Solution File, Format Version 12.00
# Visual Studio Version 17
VisualStudioVersion = 17.7.34024.191
MinimumVisualStudioVersion = 10.0.40219.1
Project("{FAE04EC0-301F-11D3-BF4B-00C04F79EFBC}") = "ARRAY__   3 largest number of array", "ARRAY__   3 largest number of array.csproj", "{7954A97F-22D3-4ED9-A706-1D3510225A26}"
EndProject
Global
	GlobalSection(SolutionConfigurationPlatforms) = preSolution
		Debug|Any CPU = Debug|Any CPU
		Release|Any CPU = Release|Any CPU
	EndGlobalSection
	GlobalSection(ProjectConfigurationPlatforms) = postSolution
		{7954A97F-22D3-4ED9-A706-1D3510225A26}.Debug|Any CPU.ActiveCfg = Debug|Any CPU
		{7954A97F-22D3-4ED9-A706-1D3510225A26}.Debug|Any CPU.Build.0 = Debug|Any CPU
		{7954A97F-22D3-4ED9-A706-1D3510225A26}.Release|Any CPU.ActiveCfg = Release|Any CPU
		{7954A97F-22D3-4ED9-A706-1D3510225A26}.Release|Any CPU.Build.0 = Release|Any CPU
	EndGlobalSection
	GlobalSection(SolutionProperties) = preSolution
		HideSolutionNode = FALSE
	EndGlobalSection
	GlobalSection(ExtensibilityGlobals) = postSolution
		SolutionGuid = {90F6A4D1-F60C-4B91-A70B-E52086F5C811}
	EndGlobalSection
EndGlobal
