
Microsoft Visual Studio Solution File, Format Version 12.00
# Visual Studio Version 17
VisualStudioVersion = 17.7.34024.191
MinimumVisualStudioVersion = 10.0.40219.1
Project("{FAE04EC0-301F-11D3-BF4B-00C04F79EFBC}") = "INDEX OUT OF RANGE", "INDEX OUT OF RANGE.csproj", "{D2BCA96A-3EAF-453D-BA35-E9BAF44908CE}"
EndProject
Global
	GlobalSection(SolutionConfigurationPlatforms) = preSolution
		Debug|Any CPU = Debug|Any CPU
		Release|Any CPU = Release|Any CPU
	EndGlobalSection
	GlobalSection(ProjectConfigurationPlatforms) = postSolution
		{D2BCA96A-3EAF-453D-BA35-E9BAF44908CE}.Debug|Any CPU.ActiveCfg = Debug|Any CPU
		{D2BCA96A-3EAF-453D-BA35-E9BAF44908CE}.Debug|Any CPU.Build.0 = Debug|Any CPU
		{D2BCA96A-3EAF-453D-BA35-E9BAF44908CE}.Release|Any CPU.ActiveCfg = Release|Any CPU
		{D2BCA96A-3EAF-453D-BA35-E9BAF44908CE}.Release|Any CPU.Build.0 = Release|Any CPU
	EndGlobalSection
	GlobalSection(SolutionProperties) = preSolution
		HideSolutionNode = FALSE
	EndGlobalSection
	GlobalSection(ExtensibilityGlobals) = postSolution
		SolutionGuid = {A164164C-E8CE-47B7-98D9-E6A50D7267D8}
	EndGlobalSection
EndGlobal
