
Microsoft Visual Studio Solution File, Format Version 12.00
# Visual Studio Version 17
VisualStudioVersion = 17.7.34024.191
MinimumVisualStudioVersion = 10.0.40219.1
Project("{FAE04EC0-301F-11D3-BF4B-00C04F79EFBC}") = "Properties With Set And Get", "Properties With Set And Get.csproj", "{EC46B1E2-1ACD-4F64-B38E-5572C3199B96}"
EndProject
Global
	GlobalSection(SolutionConfigurationPlatforms) = preSolution
		Debug|Any CPU = Debug|Any CPU
		Release|Any CPU = Release|Any CPU
	EndGlobalSection
	GlobalSection(ProjectConfigurationPlatforms) = postSolution
		{EC46B1E2-1ACD-4F64-B38E-5572C3199B96}.Debug|Any CPU.ActiveCfg = Debug|Any CPU
		{EC46B1E2-1ACD-4F64-B38E-5572C3199B96}.Debug|Any CPU.Build.0 = Debug|Any CPU
		{EC46B1E2-1ACD-4F64-B38E-5572C3199B96}.Release|Any CPU.ActiveCfg = Release|Any CPU
		{EC46B1E2-1ACD-4F64-B38E-5572C3199B96}.Release|Any CPU.Build.0 = Release|Any CPU
	EndGlobalSection
	GlobalSection(SolutionProperties) = preSolution
		HideSolutionNode = FALSE
	EndGlobalSection
	GlobalSection(ExtensibilityGlobals) = postSolution
		SolutionGuid = {017C9B50-C7AB-4CCE-871F-BA32786980BD}
	EndGlobalSection
EndGlobal
