
Microsoft Visual Studio Solution File, Format Version 12.00
# Visual Studio Version 17
VisualStudioVersion = 17.7.34024.191
MinimumVisualStudioVersion = 10.0.40219.1
Project("{FAE04EC0-301F-11D3-BF4B-00C04F79EFBC}") = "Project 3", "Project 3.csproj", "{B10A439C-5A16-4EC2-8E13-C9C6CC3FA322}"
EndProject
Global
	GlobalSection(SolutionConfigurationPlatforms) = preSolution
		Debug|Any CPU = Debug|Any CPU
		Release|Any CPU = Release|Any CPU
	EndGlobalSection
	GlobalSection(ProjectConfigurationPlatforms) = postSolution
		{B10A439C-5A16-4EC2-8E13-C9C6CC3FA322}.Debug|Any CPU.ActiveCfg = Debug|Any CPU
		{B10A439C-5A16-4EC2-8E13-C9C6CC3FA322}.Debug|Any CPU.Build.0 = Debug|Any CPU
		{B10A439C-5A16-4EC2-8E13-C9C6CC3FA322}.Release|Any CPU.ActiveCfg = Release|Any CPU
		{B10A439C-5A16-4EC2-8E13-C9C6CC3FA322}.Release|Any CPU.Build.0 = Release|Any CPU
	EndGlobalSection
	GlobalSection(SolutionProperties) = preSolution
		HideSolutionNode = FALSE
	EndGlobalSection
	GlobalSection(ExtensibilityGlobals) = postSolution
		SolutionGuid = {300E85CA-99B5-43A1-AC56-D5188A65EC55}
	EndGlobalSection
EndGlobal
