
Microsoft Visual Studio Solution File, Format Version 12.00
# Visual Studio Version 17
VisualStudioVersion = 17.7.34024.191
MinimumVisualStudioVersion = 10.0.40219.1
Project("{FAE04EC0-301F-11D3-BF4B-00C04F79EFBC}") = "Voting machine", "Voting machine.csproj", "{A2158207-2FC8-493E-B7BA-D67710CA1C78}"
EndProject
Global
	GlobalSection(SolutionConfigurationPlatforms) = preSolution
		Debug|Any CPU = Debug|Any CPU
		Release|Any CPU = Release|Any CPU
	EndGlobalSection
	GlobalSection(ProjectConfigurationPlatforms) = postSolution
		{A2158207-2FC8-493E-B7BA-D67710CA1C78}.Debug|Any CPU.ActiveCfg = Debug|Any CPU
		{A2158207-2FC8-493E-B7BA-D67710CA1C78}.Debug|Any CPU.Build.0 = Debug|Any CPU
		{A2158207-2FC8-493E-B7BA-D67710CA1C78}.Release|Any CPU.ActiveCfg = Release|Any CPU
		{A2158207-2FC8-493E-B7BA-D67710CA1C78}.Release|Any CPU.Build.0 = Release|Any CPU
	EndGlobalSection
	GlobalSection(SolutionProperties) = preSolution
		HideSolutionNode = FALSE
	EndGlobalSection
	GlobalSection(ExtensibilityGlobals) = postSolution
		SolutionGuid = {72079136-8CAC-4FD9-BE44-ECB6DE17BD39}
	EndGlobalSection
EndGlobal
