
Microsoft Visual Studio Solution File, Format Version 12.00
# Visual Studio Version 17
VisualStudioVersion = 17.7.34024.191
MinimumVisualStudioVersion = 10.0.40219.1
Project("{FAE04EC0-301F-11D3-BF4B-00C04F79EFBC}") = "HIERARCHICAL inheritance", "HIERARCHICAL inheritance.csproj", "{4E270D34-33B4-4E69-AE66-EE0E79BEDBE8}"
EndProject
Global
	GlobalSection(SolutionConfigurationPlatforms) = preSolution
		Debug|Any CPU = Debug|Any CPU
		Release|Any CPU = Release|Any CPU
	EndGlobalSection
	GlobalSection(ProjectConfigurationPlatforms) = postSolution
		{4E270D34-33B4-4E69-AE66-EE0E79BEDBE8}.Debug|Any CPU.ActiveCfg = Debug|Any CPU
		{4E270D34-33B4-4E69-AE66-EE0E79BEDBE8}.Debug|Any CPU.Build.0 = Debug|Any CPU
		{4E270D34-33B4-4E69-AE66-EE0E79BEDBE8}.Release|Any CPU.ActiveCfg = Release|Any CPU
		{4E270D34-33B4-4E69-AE66-EE0E79BEDBE8}.Release|Any CPU.Build.0 = Release|Any CPU
	EndGlobalSection
	GlobalSection(SolutionProperties) = preSolution
		HideSolutionNode = FALSE
	EndGlobalSection
	GlobalSection(ExtensibilityGlobals) = postSolution
		SolutionGuid = {EF271F71-0841-4F9F-8DEB-950D4E78DA40}
	EndGlobalSection
EndGlobal
