
Microsoft Visual Studio Solution File, Format Version 12.00
# Visual Studio Version 17
VisualStudioVersion = 17.7.34024.191
MinimumVisualStudioVersion = 10.0.40219.1
Project("{FAE04EC0-301F-11D3-BF4B-00C04F79EFBC}") = "Array student mark", "Array student mark.csproj", "{2388CCA8-859D-4722-BDCE-F6A93AFD20F4}"
EndProject
Global
	GlobalSection(SolutionConfigurationPlatforms) = preSolution
		Debug|Any CPU = Debug|Any CPU
		Release|Any CPU = Release|Any CPU
	EndGlobalSection
	GlobalSection(ProjectConfigurationPlatforms) = postSolution
		{2388CCA8-859D-4722-BDCE-F6A93AFD20F4}.Debug|Any CPU.ActiveCfg = Debug|Any CPU
		{2388CCA8-859D-4722-BDCE-F6A93AFD20F4}.Debug|Any CPU.Build.0 = Debug|Any CPU
		{2388CCA8-859D-4722-BDCE-F6A93AFD20F4}.Release|Any CPU.ActiveCfg = Release|Any CPU
		{2388CCA8-859D-4722-BDCE-F6A93AFD20F4}.Release|Any CPU.Build.0 = Release|Any CPU
	EndGlobalSection
	GlobalSection(SolutionProperties) = preSolution
		HideSolutionNode = FALSE
	EndGlobalSection
	GlobalSection(ExtensibilityGlobals) = postSolution
		SolutionGuid = {DC7D9F2C-ABA0-4CF8-A284-A016E24FE4FD}
	EndGlobalSection
EndGlobal
